
Microsoft Visual Studio Solution File, Format Version 12.00
# Visual Studio Version 17
VisualStudioVersion = 17.6.33829.357
MinimumVisualStudioVersion = 10.0.40219.1
Project("{8BC9CEB8-8B4A-11D0-8D11-00A0C91BC942}") = "OperaterOverloading", "OperaterOverloading.vcxproj", "{A5349C8B-3372-4E55-9BA6-42E349CC042E}"
EndProject
Global
	GlobalSection(SolutionConfigurationPlatforms) = preSolution
		Debug|x64 = Debug|x64
		Debug|x86 = Debug|x86
		Release|x64 = Release|x64
		Release|x86 = Release|x86
	EndGlobalSection
	GlobalSection(ProjectConfigurationPlatforms) = postSolution
		{A5349C8B-3372-4E55-9BA6-42E349CC042E}.Debug|x64.ActiveCfg = Debug|x64
		{A5349C8B-3372-4E55-9BA6-42E349CC042E}.Debug|x64.Build.0 = Debug|x64
		{A5349C8B-3372-4E55-9BA6-42E349CC042E}.Debug|x86.ActiveCfg = Debug|Win32
		{A5349C8B-3372-4E55-9BA6-42E349CC042E}.Debug|x86.Build.0 = Debug|Win32
		{A5349C8B-3372-4E55-9BA6-42E349CC042E}.Release|x64.ActiveCfg = Release|x64
		{A5349C8B-3372-4E55-9BA6-42E349CC042E}.Release|x64.Build.0 = Release|x64
		{A5349C8B-3372-4E55-9BA6-42E349CC042E}.Release|x86.ActiveCfg = Release|Win32
		{A5349C8B-3372-4E55-9BA6-42E349CC042E}.Release|x86.Build.0 = Release|Win32
	EndGlobalSection
	GlobalSection(SolutionProperties) = preSolution
		HideSolutionNode = FALSE
	EndGlobalSection
	GlobalSection(ExtensibilityGlobals) = postSolution
		SolutionGuid = {8E4D034B-D4E6-4ED3-85A7-FDB73329B80E}
	EndGlobalSection
EndGlobal
